
Microsoft Visual Studio Solution File, Format Version 12.00
# Visual Studio Version 17
VisualStudioVersion = 17.10.34825.169
MinimumVisualStudioVersion = 10.0.40219.1
Project("{FAE04EC0-301F-11D3-BF4B-00C04F79EFBC}") = "DotNet8.DataFrameSample", "DotNet8.DataFrameSample\DotNet8.DataFrameSample.csproj", "{BBCAB743-C8B7-4F3F-9550-C1F8C268B021}"
EndProject
Global
	GlobalSection(SolutionConfigurationPlatforms) = preSolution
		Debug|Any CPU = Debug|Any CPU
		Release|Any CPU = Release|Any CPU
	EndGlobalSection
	GlobalSection(ProjectConfigurationPlatforms) = postSolution
		{BBCAB743-C8B7-4F3F-9550-C1F8C268B021}.Debug|Any CPU.ActiveCfg = Debug|Any CPU
		{BBCAB743-C8B7-4F3F-9550-C1F8C268B021}.Debug|Any CPU.Build.0 = Debug|Any CPU
		{BBCAB743-C8B7-4F3F-9550-C1F8C268B021}.Release|Any CPU.ActiveCfg = Release|Any CPU
		{BBCAB743-C8B7-4F3F-9550-C1F8C268B021}.Release|Any CPU.Build.0 = Release|Any CPU
	EndGlobalSection
	GlobalSection(SolutionProperties) = preSolution
		HideSolutionNode = FALSE
	EndGlobalSection
	GlobalSection(ExtensibilityGlobals) = postSolution
		SolutionGuid = {EE17E6A1-5FEF-46F5-B33E-CCDD4C6D67EA}
	EndGlobalSection
EndGlobal
